
Microsoft Visual Studio Solution File, Format Version 12.00
# Visual Studio 15
VisualStudioVersion = 15.0.27130.2003
MinimumVisualStudioVersion = 10.0.40219.1
Project("{8BC9CEB8-8B4A-11D0-8D11-00A0C91BC942}") = "Device", "_VS\Kornet\Device\Device.vcxproj", "{0E635359-126E-4DAB-8987-ECEEEE109337}"
EndProject
Project("{8BC9CEB8-8B4A-11D0-8D11-00A0C91BC942}") = "DeviceBoot", "_VS\Kornet\DeviceBoot\DeviceBoot.vcxproj", "{3179E37D-E425-489B-A9AD-F7919759B127}"
EndProject
Project("{8BC9CEB8-8B4A-11D0-8D11-00A0C91BC942}") = "Panel", "_VS\Kornet\Panel\Panel.vcxproj", "{AD39A8CF-07DD-4796-A7A0-13A7EDDD0DF1}"
EndProject
Project("{8BC9CEB8-8B4A-11D0-8D11-00A0C91BC942}") = "PanelBoot", "_VS\Kornet\PanelBoot\PanelBoot.vcxproj", "{7CFDA9FB-E87D-4F70-9F5F-9FF4B154CBF2}"
EndProject
Project("{8BC9CEB8-8B4A-11D0-8D11-00A0C91BC942}") = "Boot53", "_VS\S8-53\Boot53\Boot53.vcxproj", "{1C302064-7611-4D86-8605-EA51531A34AB}"
EndProject
Project("{8BC9CEB8-8B4A-11D0-8D11-00A0C91BC942}") = "Device53", "_VS\S8-53\Device53\Device53.vcxproj", "{F1BEFAC2-FA30-4A15-AA7C-5D80A2D2C827}"
EndProject
Project("{8BC9CEB8-8B4A-11D0-8D11-00A0C91BC942}") = "Boot54", "_VS\S8-54\Boot54\Boot54.vcxproj", "{893FF85B-DBD8-465A-BDAB-BFF7BD352B14}"
EndProject
Project("{8BC9CEB8-8B4A-11D0-8D11-00A0C91BC942}") = "Device54", "_VS\S8-54\Device54\Device54.vcxproj", "{59181B39-92F6-4D62-BDF0-76995F754E25}"
EndProject
Project("{2150E333-8FDC-42A3-9474-1A3956D46DE8}") = "doxygen", "doxygen", "{0A3A7863-F8A1-4A2C-A579-849F48297ED4}"
EndProject
Project("{2150E333-8FDC-42A3-9474-1A3956D46DE8}") = "S8-53", "S8-53", "{A22717DC-018E-47B7-82BF-7E4CB6A28EF1}"
	ProjectSection(SolutionItems) = preProject
		S8-53\doxy\Page53_01.h = S8-53\doxy\Page53_01.h
		S8-53\doxy\Page53_02.h = S8-53\doxy\Page53_02.h
		S8-53\doxy\Page53_03.h = S8-53\doxy\Page53_03.h
	EndProjectSection
EndProject
Project("{2150E333-8FDC-42A3-9474-1A3956D46DE8}") = "S8-54", "S8-54", "{B3A76764-0230-4522-8772-0E8E85A631DA}"
	ProjectSection(SolutionItems) = preProject
		S8-54\doxy\MainPage.h = S8-54\doxy\MainPage.h
		S8-54\doxy\Page54_01 Хранение настроек.h = S8-54\doxy\Page54_01 Хранение настроек.h
		S8-54\doxy\Page54_02 Алгоритм.h = S8-54\doxy\Page54_02 Алгоритм.h
		S8-54\doxy\Page54_03 Принцип хранения программы в контроллере.h = S8-54\doxy\Page54_03 Принцип хранения программы в контроллере.h
		S8-54\doxy\Page54_04 Хранение серийного номера.h = S8-54\doxy\Page54_04 Хранение серийного номера.h
		S8-54\doxy\Page54_05 Меню.h = S8-54\doxy\Page54_05 Меню.h
		S8-54\doxy\Page54_06 Краткие пояснения.h = S8-54\doxy\Page54_06 Краткие пояснения.h
		S8-54\doxy\Page54_07 Хранение и обработка данных.h = S8-54\doxy\Page54_07 Хранение и обработка данных.h
		S8-54\doxy\Page54_08 Серийный номер.h = S8-54\doxy\Page54_08 Серийный номер.h
		S8-54\doxy\Page54_09 История изменений.h = S8-54\doxy\Page54_09 История изменений.h
		S8-54\doxy\Page54_10 Изменения в стандартных библиотеках.h = S8-54\doxy\Page54_10 Изменения в стандартных библиотеках.h
		S8-54\doxy\Page64_11 Задействованные аппаратные ресурсы.h = S8-54\doxy\Page64_11 Задействованные аппаратные ресурсы.h
	EndProjectSection
EndProject
Global
	GlobalSection(SolutionConfigurationPlatforms) = preSolution
		Debug|x86 = Debug|x86
		Release|x86 = Release|x86
	EndGlobalSection
	GlobalSection(ProjectConfigurationPlatforms) = postSolution
		{0E635359-126E-4DAB-8987-ECEEEE109337}.Debug|x86.ActiveCfg = Debug|Win32
		{0E635359-126E-4DAB-8987-ECEEEE109337}.Debug|x86.Build.0 = Debug|Win32
		{0E635359-126E-4DAB-8987-ECEEEE109337}.Release|x86.ActiveCfg = Release|Win32
		{0E635359-126E-4DAB-8987-ECEEEE109337}.Release|x86.Build.0 = Release|Win32
		{3179E37D-E425-489B-A9AD-F7919759B127}.Debug|x86.ActiveCfg = Debug|Win32
		{3179E37D-E425-489B-A9AD-F7919759B127}.Debug|x86.Build.0 = Debug|Win32
		{3179E37D-E425-489B-A9AD-F7919759B127}.Release|x86.ActiveCfg = Release|Win32
		{3179E37D-E425-489B-A9AD-F7919759B127}.Release|x86.Build.0 = Release|Win32
		{AD39A8CF-07DD-4796-A7A0-13A7EDDD0DF1}.Debug|x86.ActiveCfg = Debug|Win32
		{AD39A8CF-07DD-4796-A7A0-13A7EDDD0DF1}.Debug|x86.Build.0 = Debug|Win32
		{AD39A8CF-07DD-4796-A7A0-13A7EDDD0DF1}.Release|x86.ActiveCfg = Release|Win32
		{AD39A8CF-07DD-4796-A7A0-13A7EDDD0DF1}.Release|x86.Build.0 = Release|Win32
		{7CFDA9FB-E87D-4F70-9F5F-9FF4B154CBF2}.Debug|x86.ActiveCfg = Debug|Win32
		{7CFDA9FB-E87D-4F70-9F5F-9FF4B154CBF2}.Debug|x86.Build.0 = Debug|Win32
		{7CFDA9FB-E87D-4F70-9F5F-9FF4B154CBF2}.Release|x86.ActiveCfg = Release|Win32
		{7CFDA9FB-E87D-4F70-9F5F-9FF4B154CBF2}.Release|x86.Build.0 = Release|Win32
		{1C302064-7611-4D86-8605-EA51531A34AB}.Debug|x86.ActiveCfg = Debug|Win32
		{1C302064-7611-4D86-8605-EA51531A34AB}.Debug|x86.Build.0 = Debug|Win32
		{1C302064-7611-4D86-8605-EA51531A34AB}.Release|x86.ActiveCfg = Release|Win32
		{1C302064-7611-4D86-8605-EA51531A34AB}.Release|x86.Build.0 = Release|Win32
		{F1BEFAC2-FA30-4A15-AA7C-5D80A2D2C827}.Debug|x86.ActiveCfg = Debug|Win32
		{F1BEFAC2-FA30-4A15-AA7C-5D80A2D2C827}.Debug|x86.Build.0 = Debug|Win32
		{F1BEFAC2-FA30-4A15-AA7C-5D80A2D2C827}.Release|x86.ActiveCfg = Release|Win32
		{F1BEFAC2-FA30-4A15-AA7C-5D80A2D2C827}.Release|x86.Build.0 = Release|Win32
		{893FF85B-DBD8-465A-BDAB-BFF7BD352B14}.Debug|x86.ActiveCfg = Debug|Win32
		{893FF85B-DBD8-465A-BDAB-BFF7BD352B14}.Debug|x86.Build.0 = Debug|Win32
		{893FF85B-DBD8-465A-BDAB-BFF7BD352B14}.Release|x86.ActiveCfg = Release|Win32
		{893FF85B-DBD8-465A-BDAB-BFF7BD352B14}.Release|x86.Build.0 = Release|Win32
		{59181B39-92F6-4D62-BDF0-76995F754E25}.Debug|x86.ActiveCfg = Debug|Win32
		{59181B39-92F6-4D62-BDF0-76995F754E25}.Debug|x86.Build.0 = Debug|Win32
		{59181B39-92F6-4D62-BDF0-76995F754E25}.Release|x86.ActiveCfg = Release|Win32
		{59181B39-92F6-4D62-BDF0-76995F754E25}.Release|x86.Build.0 = Release|Win32
	EndGlobalSection
	GlobalSection(SolutionProperties) = preSolution
		HideSolutionNode = FALSE
	EndGlobalSection
	GlobalSection(NestedProjects) = preSolution
		{A22717DC-018E-47B7-82BF-7E4CB6A28EF1} = {0A3A7863-F8A1-4A2C-A579-849F48297ED4}
		{B3A76764-0230-4522-8772-0E8E85A631DA} = {0A3A7863-F8A1-4A2C-A579-849F48297ED4}
	EndGlobalSection
	GlobalSection(ExtensibilityGlobals) = postSolution
		SolutionGuid = {25787A4B-FFB6-4881-A92A-36094377F70B}
	EndGlobalSection
EndGlobal
