<?xml version="1.0" encoding="utf-8"?>
<Project ToolsVersion="4.0" xmlns="http://schemas.microsoft.com/developer/msbuild/2003">
  <ItemGroup>
    <Filter Include="HAL">
      <UniqueIdentifier>{750ba45c-0e02-49c8-ba00-5d5127c5f369}</UniqueIdentifier>
    </Filter>
    <Filter Include="USBH">
      <UniqueIdentifier>{9590ccb4-6625-4566-b159-9d759bef4f6b}</UniqueIdentifier>
    </Filter>
    <Filter Include="LwIP">
      <UniqueIdentifier>{7e5e7529-1ec9-4382-803b-8532b0301025}</UniqueIdentifier>
    </Filter>
    <Filter Include="libs">
      <UniqueIdentifier>{588e980a-bc7a-47d5-9aa1-e47f32d1002e}</UniqueIdentifier>
    </Filter>
    <Filter Include="forVS">
      <UniqueIdentifier>{dc8167d9-f775-4239-8bf3-a1fb77c726e9}</UniqueIdentifier>
    </Filter>
    <Filter Include="src">
      <UniqueIdentifier>{bb0bcadc-7460-48d1-a19e-f28adb2de1dd}</UniqueIdentifier>
    </Filter>
    <Filter Include="Display">
      <UniqueIdentifier>{14254377-779e-4f71-aec7-f7bff593fd9e}</UniqueIdentifier>
    </Filter>
    <Filter Include="Display\fonts">
      <UniqueIdentifier>{74cd3a7f-6a8e-4bb4-97c8-88f4bf53e69a}</UniqueIdentifier>
    </Filter>
    <Filter Include="Ethernet">
      <UniqueIdentifier>{4ae90f0a-c30e-46db-ae5a-42e4462f309c}</UniqueIdentifier>
    </Filter>
    <Filter Include="FlashDrive">
      <UniqueIdentifier>{c53e6a35-a8f6-4859-aebb-bfaa540f7f40}</UniqueIdentifier>
    </Filter>
    <Filter Include="FPGA">
      <UniqueIdentifier>{a810a3b9-fab1-44ae-bced-808c26376922}</UniqueIdentifier>
    </Filter>
    <Filter Include="Hardware">
      <UniqueIdentifier>{f5122187-ae57-4951-9359-2cc193552af2}</UniqueIdentifier>
    </Filter>
    <Filter Include="Menu">
      <UniqueIdentifier>{a153c0c9-1961-4c15-a5c6-fe81666e7df5}</UniqueIdentifier>
    </Filter>
    <Filter Include="Menu\Pages">
      <UniqueIdentifier>{fe0b4803-db1f-4158-89ff-2d7aa8f8cea6}</UniqueIdentifier>
    </Filter>
    <Filter Include="Panel">
      <UniqueIdentifier>{f58cc03d-a935-4f60-8c06-7ea1166d85aa}</UniqueIdentifier>
    </Filter>
    <Filter Include="Settings">
      <UniqueIdentifier>{888eacfd-0546-4bf3-9ac0-a370394a0756}</UniqueIdentifier>
    </Filter>
    <Filter Include="Utils">
      <UniqueIdentifier>{c509fd62-8b88-44a2-b47e-312e5c0859be}</UniqueIdentifier>
    </Filter>
    <Filter Include="VCP">
      <UniqueIdentifier>{540e0af4-ecf2-46fb-b2e6-479f4cb73cd1}</UniqueIdentifier>
    </Filter>
    <Filter Include="VCP\SCPI">
      <UniqueIdentifier>{ce88dc7d-ee60-41a1-a0e7-a714ab1d876d}</UniqueIdentifier>
    </Filter>
    <Filter Include="FatFS">
      <UniqueIdentifier>{1606bd8b-854e-41f8-bb14-4856c6a2cdb5}</UniqueIdentifier>
    </Filter>
    <Filter Include="USBD">
      <UniqueIdentifier>{f92e7198-5594-45ef-9a67-20a9be7c226e}</UniqueIdentifier>
    </Filter>
  </ItemGroup>
  <ItemGroup>
    <ClCompile Include="..\..\..\_libs\STM32Cube_F2\Drivers\STM32F2xx_HAL_Driver\Src\stm32f2xx_hal.c">
      <Filter>HAL</Filter>
    </ClCompile>
    <ClCompile Include="..\..\..\_libs\STM32Cube_F2\Drivers\STM32F2xx_HAL_Driver\Src\stm32f2xx_hal_adc.c">
      <Filter>HAL</Filter>
    </ClCompile>
    <ClCompile Include="..\..\..\_libs\STM32Cube_F2\Drivers\STM32F2xx_HAL_Driver\Src\stm32f2xx_hal_adc_ex.c">
      <Filter>HAL</Filter>
    </ClCompile>
    <ClCompile Include="..\..\..\_libs\STM32Cube_F2\Drivers\STM32F2xx_HAL_Driver\Src\stm32f2xx_hal_cortex.c">
      <Filter>HAL</Filter>
    </ClCompile>
    <ClCompile Include="..\..\..\_libs\STM32Cube_F2\Drivers\STM32F2xx_HAL_Driver\Src\stm32f2xx_hal_crc.c">
      <Filter>HAL</Filter>
    </ClCompile>
    <ClCompile Include="..\..\..\_libs\STM32Cube_F2\Drivers\STM32F2xx_HAL_Driver\Src\stm32f2xx_hal_dac.c">
      <Filter>HAL</Filter>
    </ClCompile>
    <ClCompile Include="..\..\..\_libs\STM32Cube_F2\Drivers\STM32F2xx_HAL_Driver\Src\stm32f2xx_hal_dac_ex.c">
      <Filter>HAL</Filter>
    </ClCompile>
    <ClCompile Include="..\..\..\_libs\STM32Cube_F2\Drivers\STM32F2xx_HAL_Driver\Src\stm32f2xx_hal_dma.c">
      <Filter>HAL</Filter>
    </ClCompile>
    <ClCompile Include="..\..\..\_libs\STM32Cube_F2\Drivers\STM32F2xx_HAL_Driver\Src\stm32f2xx_hal_dma_ex.c">
      <Filter>HAL</Filter>
    </ClCompile>
    <ClCompile Include="..\..\..\_libs\STM32Cube_F2\Drivers\STM32F2xx_HAL_Driver\Src\stm32f2xx_hal_eth.c">
      <Filter>HAL</Filter>
    </ClCompile>
    <ClCompile Include="..\..\..\_libs\STM32Cube_F2\Drivers\STM32F2xx_HAL_Driver\Src\stm32f2xx_hal_flash.c">
      <Filter>HAL</Filter>
    </ClCompile>
    <ClCompile Include="..\..\..\_libs\STM32Cube_F2\Drivers\STM32F2xx_HAL_Driver\Src\stm32f2xx_hal_flash_ex.c">
      <Filter>HAL</Filter>
    </ClCompile>
    <ClCompile Include="..\..\..\_libs\STM32Cube_F2\Drivers\STM32F2xx_HAL_Driver\Src\stm32f2xx_hal_gpio.c">
      <Filter>HAL</Filter>
    </ClCompile>
    <ClCompile Include="..\..\..\_libs\STM32Cube_F2\Drivers\STM32F2xx_HAL_Driver\Src\stm32f2xx_hal_hcd.c">
      <Filter>HAL</Filter>
    </ClCompile>
    <ClCompile Include="..\..\..\_libs\STM32Cube_F2\Drivers\STM32F2xx_HAL_Driver\Src\stm32f2xx_hal_pcd.c">
      <Filter>HAL</Filter>
    </ClCompile>
    <ClCompile Include="..\..\..\_libs\STM32Cube_F2\Drivers\STM32F2xx_HAL_Driver\Src\stm32f2xx_hal_pcd_ex.c">
      <Filter>HAL</Filter>
    </ClCompile>
    <ClCompile Include="..\..\..\_libs\STM32Cube_F2\Drivers\STM32F2xx_HAL_Driver\Src\stm32f2xx_hal_pwr.c">
      <Filter>HAL</Filter>
    </ClCompile>
    <ClCompile Include="..\..\..\_libs\STM32Cube_F2\Drivers\STM32F2xx_HAL_Driver\Src\stm32f2xx_hal_pwr_ex.c">
      <Filter>HAL</Filter>
    </ClCompile>
    <ClCompile Include="..\..\..\_libs\STM32Cube_F2\Drivers\STM32F2xx_HAL_Driver\Src\stm32f2xx_hal_rcc.c">
      <Filter>HAL</Filter>
    </ClCompile>
    <ClCompile Include="..\..\..\_libs\STM32Cube_F2\Drivers\STM32F2xx_HAL_Driver\Src\stm32f2xx_hal_rcc_ex.c">
      <Filter>HAL</Filter>
    </ClCompile>
    <ClCompile Include="..\..\..\_libs\STM32Cube_F2\Drivers\STM32F2xx_HAL_Driver\Src\stm32f2xx_hal_rtc.c">
      <Filter>HAL</Filter>
    </ClCompile>
    <ClCompile Include="..\..\..\_libs\STM32Cube_F2\Drivers\STM32F2xx_HAL_Driver\Src\stm32f2xx_hal_rtc_ex.c">
      <Filter>HAL</Filter>
    </ClCompile>
    <ClCompile Include="..\..\..\_libs\STM32Cube_F2\Drivers\STM32F2xx_HAL_Driver\Src\stm32f2xx_hal_spi.c">
      <Filter>HAL</Filter>
    </ClCompile>
    <ClCompile Include="..\..\..\_libs\STM32Cube_F2\Drivers\STM32F2xx_HAL_Driver\Src\stm32f2xx_hal_sram.c">
      <Filter>HAL</Filter>
    </ClCompile>
    <ClCompile Include="..\..\..\_libs\STM32Cube_F2\Drivers\STM32F2xx_HAL_Driver\Src\stm32f2xx_hal_tim.c">
      <Filter>HAL</Filter>
    </ClCompile>
    <ClCompile Include="..\..\..\_libs\STM32Cube_F2\Drivers\STM32F2xx_HAL_Driver\Src\stm32f2xx_hal_tim_ex.c">
      <Filter>HAL</Filter>
    </ClCompile>
    <ClCompile Include="..\..\..\_libs\STM32Cube_F2\Drivers\STM32F2xx_HAL_Driver\Src\stm32f2xx_ll_fsmc.c">
      <Filter>HAL</Filter>
    </ClCompile>
    <ClCompile Include="..\..\..\_libs\STM32Cube_F2\Drivers\STM32F2xx_HAL_Driver\Src\stm32f2xx_ll_sdmmc.c">
      <Filter>HAL</Filter>
    </ClCompile>
    <ClCompile Include="..\..\..\_libs\STM32Cube_F2\Drivers\STM32F2xx_HAL_Driver\Src\stm32f2xx_ll_usb.c">
      <Filter>HAL</Filter>
    </ClCompile>
    <ClCompile Include="..\..\..\_libs\STM32Cube_F2\Middlewares\ST\STM32_USB_Host_Library\Class\MSC\Src\usbh_msc.c">
      <Filter>USBH</Filter>
    </ClCompile>
    <ClCompile Include="..\..\..\_libs\STM32Cube_F2\Middlewares\ST\STM32_USB_Host_Library\Class\MSC\Src\usbh_msc_bot.c">
      <Filter>USBH</Filter>
    </ClCompile>
    <ClCompile Include="..\..\..\_libs\STM32Cube_F2\Middlewares\ST\STM32_USB_Host_Library\Class\MSC\Src\usbh_msc_scsi.c">
      <Filter>USBH</Filter>
    </ClCompile>
    <ClCompile Include="..\..\..\_libs\STM32Cube_F2\Middlewares\ST\STM32_USB_Host_Library\Core\Src\usbh_core.c">
      <Filter>USBH</Filter>
    </ClCompile>
    <ClCompile Include="..\..\..\_libs\STM32Cube_F2\Middlewares\ST\STM32_USB_Host_Library\Core\Src\usbh_ctlreq.c">
      <Filter>USBH</Filter>
    </ClCompile>
    <ClCompile Include="..\..\..\_libs\STM32Cube_F2\Middlewares\ST\STM32_USB_Host_Library\Core\Src\usbh_ioreq.c">
      <Filter>USBH</Filter>
    </ClCompile>
    <ClCompile Include="..\..\..\_libs\STM32Cube_F2\Middlewares\ST\STM32_USB_Host_Library\Core\Src\usbh_pipes.c">
      <Filter>USBH</Filter>
    </ClCompile>
    <ClCompile Include="..\..\..\_libs\STM32Cube_F2\Middlewares\Third_Party\LwIP\src\core\def.c">
      <Filter>LwIP</Filter>
    </ClCompile>
    <ClCompile Include="..\..\..\_libs\STM32Cube_F2\Middlewares\Third_Party\LwIP\src\core\dns.c">
      <Filter>LwIP</Filter>
    </ClCompile>
    <ClCompile Include="..\..\..\_libs\STM32Cube_F2\Middlewares\Third_Party\LwIP\src\core\init.c">
      <Filter>LwIP</Filter>
    </ClCompile>
    <ClCompile Include="..\..\..\_libs\STM32Cube_F2\Middlewares\Third_Party\LwIP\src\core\ip.c">
      <Filter>LwIP</Filter>
    </ClCompile>
    <ClCompile Include="..\..\..\_libs\STM32Cube_F2\Middlewares\Third_Party\LwIP\src\core\mem.c">
      <Filter>LwIP</Filter>
    </ClCompile>
    <ClCompile Include="..\..\..\_libs\STM32Cube_F2\Middlewares\Third_Party\LwIP\src\core\memp.c">
      <Filter>LwIP</Filter>
    </ClCompile>
    <ClCompile Include="..\..\..\_libs\STM32Cube_F2\Middlewares\Third_Party\LwIP\src\core\netif.c">
      <Filter>LwIP</Filter>
    </ClCompile>
    <ClCompile Include="..\..\..\_libs\STM32Cube_F2\Middlewares\Third_Party\LwIP\src\core\pbuf.c">
      <Filter>LwIP</Filter>
    </ClCompile>
    <ClCompile Include="..\..\..\_libs\STM32Cube_F2\Middlewares\Third_Party\LwIP\src\core\raw.c">
      <Filter>LwIP</Filter>
    </ClCompile>
    <ClCompile Include="..\..\..\_libs\STM32Cube_F2\Middlewares\Third_Party\LwIP\src\core\stats.c">
      <Filter>LwIP</Filter>
    </ClCompile>
    <ClCompile Include="..\..\..\_libs\STM32Cube_F2\Middlewares\Third_Party\LwIP\src\core\sys.c">
      <Filter>LwIP</Filter>
    </ClCompile>
    <ClCompile Include="..\..\..\_libs\STM32Cube_F2\Middlewares\Third_Party\LwIP\src\core\tcp.c">
      <Filter>LwIP</Filter>
    </ClCompile>
    <ClCompile Include="..\..\..\_libs\STM32Cube_F2\Middlewares\Third_Party\LwIP\src\core\tcp_in.c">
      <Filter>LwIP</Filter>
    </ClCompile>
    <ClCompile Include="..\..\..\_libs\STM32Cube_F2\Middlewares\Third_Party\LwIP\src\core\tcp_out.c">
      <Filter>LwIP</Filter>
    </ClCompile>
    <ClCompile Include="..\..\..\_libs\STM32Cube_F2\Middlewares\Third_Party\LwIP\src\core\timeouts.c">
      <Filter>LwIP</Filter>
    </ClCompile>
    <ClCompile Include="..\..\..\_libs\STM32Cube_F2\Middlewares\Third_Party\LwIP\src\core\udp.c">
      <Filter>LwIP</Filter>
    </ClCompile>
    <ClCompile Include="..\..\..\_libs\STM32Cube_F2\Middlewares\Third_Party\LwIP\src\core\ipv4\autoip.c">
      <Filter>LwIP</Filter>
    </ClCompile>
    <ClCompile Include="..\..\..\_libs\STM32Cube_F2\Middlewares\Third_Party\LwIP\src\core\ipv4\dhcp.c">
      <Filter>LwIP</Filter>
    </ClCompile>
    <ClCompile Include="..\..\..\_libs\STM32Cube_F2\Middlewares\Third_Party\LwIP\src\core\ipv4\etharp.c">
      <Filter>LwIP</Filter>
    </ClCompile>
    <ClCompile Include="..\..\..\_libs\STM32Cube_F2\Middlewares\Third_Party\LwIP\src\core\ipv4\icmp.c">
      <Filter>LwIP</Filter>
    </ClCompile>
    <ClCompile Include="..\..\..\_libs\STM32Cube_F2\Middlewares\Third_Party\LwIP\src\core\ipv4\igmp.c">
      <Filter>LwIP</Filter>
    </ClCompile>
    <ClCompile Include="..\..\..\_libs\STM32Cube_F2\Middlewares\Third_Party\LwIP\src\core\ipv4\ip4.c">
      <Filter>LwIP</Filter>
    </ClCompile>
    <ClCompile Include="..\..\..\_libs\STM32Cube_F2\Middlewares\Third_Party\LwIP\src\core\ipv4\ip4_addr.c">
      <Filter>LwIP</Filter>
    </ClCompile>
    <ClCompile Include="..\..\..\_libs\STM32Cube_F2\Middlewares\Third_Party\LwIP\src\core\ipv4\ip4_frag.c">
      <Filter>LwIP</Filter>
    </ClCompile>
    <ClCompile Include="..\..\..\_libs\STM32Cube_F2\Middlewares\Third_Party\LwIP\src\api\api_lib.c">
      <Filter>LwIP</Filter>
    </ClCompile>
    <ClCompile Include="..\..\..\_libs\STM32Cube_F2\Middlewares\Third_Party\LwIP\src\api\api_msg.c">
      <Filter>LwIP</Filter>
    </ClCompile>
    <ClCompile Include="..\..\..\_libs\STM32Cube_F2\Middlewares\Third_Party\LwIP\src\api\err.c">
      <Filter>LwIP</Filter>
    </ClCompile>
    <ClCompile Include="..\..\..\_libs\STM32Cube_F2\Middlewares\Third_Party\LwIP\src\api\netbuf.c">
      <Filter>LwIP</Filter>
    </ClCompile>
    <ClCompile Include="..\..\..\_libs\STM32Cube_F2\Middlewares\Third_Party\LwIP\src\api\netdb.c">
      <Filter>LwIP</Filter>
    </ClCompile>
    <ClCompile Include="..\..\..\_libs\STM32Cube_F2\Middlewares\Third_Party\LwIP\src\api\sockets.c">
      <Filter>LwIP</Filter>
    </ClCompile>
    <ClCompile Include="..\..\..\_libs\STM32Cube_F2\Middlewares\Third_Party\LwIP\src\netif\ethernet.c">
      <Filter>LwIP</Filter>
    </ClCompile>
    <ClCompile Include="..\..\..\S8-53\Device53\libs\system_stm32f2xx.c">
      <Filter>libs</Filter>
    </ClCompile>
    <ClCompile Include="..\..\..\S8-53\Device53\libs\usbd_desc.c">
      <Filter>libs</Filter>
    </ClCompile>
    <ClCompile Include="..\..\..\S8-53\Device53\libs\app_ethernet.cpp">
      <Filter>libs</Filter>
    </ClCompile>
    <ClCompile Include="..\..\..\S8-53\Device53\libs\ethernetif.cpp">
      <Filter>libs</Filter>
    </ClCompile>
    <ClCompile Include="..\..\..\S8-53\Device53\libs\usbh_conf.cpp">
      <Filter>libs</Filter>
    </ClCompile>
    <ClCompile Include="..\..\..\S8-53\Device53\libs\usbd_conf.cpp">
      <Filter>libs</Filter>
    </ClCompile>
    <ClCompile Include="..\..\..\S8-53\Device53\libs\usbd_cdc_interface.cpp">
      <Filter>libs</Filter>
    </ClCompile>
    <ClCompile Include="..\..\..\S8-53\Device53\libs\stm32f2xx_it.cpp">
      <Filter>libs</Filter>
    </ClCompile>
    <ClCompile Include="..\..\..\S8-53\Device53\libs\stm32f2xx_hal_msp.cpp">
      <Filter>libs</Filter>
    </ClCompile>
    <ClCompile Include="..\..\..\S8-53\Device53\Globals.cpp">
      <Filter>src</Filter>
    </ClCompile>
    <ClCompile Include="..\..\..\S8-53\Device53\Log.cpp">
      <Filter>src</Filter>
    </ClCompile>
    <ClCompile Include="..\..\..\S8-53\Device53\main.cpp">
      <Filter>src</Filter>
    </ClCompile>
    <ClCompile Include="..\..\..\S8-53\Device53\Tables.cpp">
      <Filter>src</Filter>
    </ClCompile>
    <ClCompile Include="..\..\..\S8-53\Device53\Display\font\Font.cpp">
      <Filter>Display\fonts</Filter>
    </ClCompile>
    <ClCompile Include="..\..\..\S8-53\Device53\Ethernet\Ethernet.cpp">
      <Filter>Ethernet</Filter>
    </ClCompile>
    <ClCompile Include="..\..\..\S8-53\Device53\Ethernet\TcpSocket.cpp">
      <Filter>Ethernet</Filter>
    </ClCompile>
    <ClCompile Include="..\..\..\S8-53\Device53\FlashDrive\FlashDrive.cpp">
      <Filter>FlashDrive</Filter>
    </ClCompile>
    <ClCompile Include="..\..\..\S8-53\Device53\FPGA\DataStorage.cpp">
      <Filter>FPGA</Filter>
    </ClCompile>
    <ClCompile Include="..\..\..\S8-53\Device53\FPGA\FPGA.cpp">
      <Filter>FPGA</Filter>
    </ClCompile>
    <ClCompile Include="..\..\..\S8-53\Device53\Hardware\ADC.cpp">
      <Filter>Hardware</Filter>
    </ClCompile>
    <ClCompile Include="..\..\..\S8-53\Device53\Hardware\RTC.cpp">
      <Filter>Hardware</Filter>
    </ClCompile>
    <ClCompile Include="..\..\..\S8-53\Device53\Hardware\FLASH.cpp">
      <Filter>Hardware</Filter>
    </ClCompile>
    <ClCompile Include="..\..\..\S8-53\Device53\Hardware\FSMC.cpp">
      <Filter>Hardware</Filter>
    </ClCompile>
    <ClCompile Include="..\..\..\S8-53\Device53\Hardware\Hardware.cpp">
      <Filter>Hardware</Filter>
    </ClCompile>
    <ClCompile Include="..\..\..\S8-53\Device53\Hardware\MSP_USBH.cpp">
      <Filter>Hardware</Filter>
    </ClCompile>
    <ClCompile Include="..\..\..\S8-53\Device53\Menu\Pages\HelpContent.cpp">
      <Filter>Menu\Pages</Filter>
    </ClCompile>
    <ClCompile Include="..\..\..\S8-53\Device53\Menu\Pages\PageChannels.cpp">
      <Filter>Menu\Pages</Filter>
    </ClCompile>
    <ClCompile Include="..\..\..\S8-53\Device53\Menu\Pages\PageCursors.cpp">
      <Filter>Menu\Pages</Filter>
    </ClCompile>
    <ClCompile Include="..\..\..\S8-53\Device53\Menu\Pages\PageDebug.cpp">
      <Filter>Menu\Pages</Filter>
    </ClCompile>
    <ClCompile Include="..\..\..\S8-53\Device53\Menu\Pages\PageDisplay.cpp">
      <Filter>Menu\Pages</Filter>
    </ClCompile>
    <ClCompile Include="..\..\..\S8-53\Device53\Menu\Pages\PageHelp.cpp">
      <Filter>Menu\Pages</Filter>
    </ClCompile>
    <ClCompile Include="..\..\..\S8-53\Device53\Menu\Pages\PageMeasures.cpp">
      <Filter>Menu\Pages</Filter>
    </ClCompile>
    <ClCompile Include="..\..\..\S8-53\Device53\Menu\Pages\PageMemory.cpp">
      <Filter>Menu\Pages</Filter>
    </ClCompile>
    <ClCompile Include="..\..\..\S8-53\Device53\Menu\Pages\PageService.cpp">
      <Filter>Menu\Pages</Filter>
    </ClCompile>
    <ClCompile Include="..\..\..\S8-53\Device53\Menu\Pages\PageTime.cpp">
      <Filter>Menu\Pages</Filter>
    </ClCompile>
    <ClCompile Include="..\..\..\S8-53\Device53\Menu\Pages\PageTrig.cpp">
      <Filter>Menu\Pages</Filter>
    </ClCompile>
    <ClCompile Include="..\..\..\S8-53\Device53\Panel\Panel.cpp">
      <Filter>Panel</Filter>
    </ClCompile>
    <ClCompile Include="..\..\..\S8-53\Device53\Panel\Controls.cpp">
      <Filter>Panel</Filter>
    </ClCompile>
    <ClCompile Include="..\..\..\S8-53\Device53\Panel\PanelFunctions.cpp">
      <Filter>Panel</Filter>
    </ClCompile>
    <ClCompile Include="..\..\..\S8-53\Device53\Settings\Settings.cpp">
      <Filter>Settings</Filter>
    </ClCompile>
    <ClCompile Include="..\..\..\S8-53\Device53\Settings\SettingsChannel.cpp">
      <Filter>Settings</Filter>
    </ClCompile>
    <ClCompile Include="..\..\..\S8-53\Device53\Settings\SettingsCursors.cpp">
      <Filter>Settings</Filter>
    </ClCompile>
    <ClCompile Include="..\..\..\S8-53\Device53\Settings\SettingsDebug.cpp">
      <Filter>Settings</Filter>
    </ClCompile>
    <ClCompile Include="..\..\..\S8-53\Device53\Settings\SettingsDisplay.cpp">
      <Filter>Settings</Filter>
    </ClCompile>
    <ClCompile Include="..\..\..\S8-53\Device53\Settings\SettingsMeasures.cpp">
      <Filter>Settings</Filter>
    </ClCompile>
    <ClCompile Include="..\..\..\S8-53\Device53\Settings\SettingsMemory.cpp">
      <Filter>Settings</Filter>
    </ClCompile>
    <ClCompile Include="..\..\..\S8-53\Device53\Settings\SettingsTime.cpp">
      <Filter>Settings</Filter>
    </ClCompile>
    <ClCompile Include="..\..\..\S8-53\Device53\Utils\ProcessingSignal.cpp">
      <Filter>Utils</Filter>
    </ClCompile>
    <ClCompile Include="..\..\..\S8-53\Device53\VCP\VCP.cpp">
      <Filter>VCP</Filter>
    </ClCompile>
    <ClCompile Include="..\..\..\S8-53\Device53\VCP\SCPI\channelSCPI.cpp">
      <Filter>VCP\SCPI</Filter>
    </ClCompile>
    <ClCompile Include="..\..\..\S8-53\Device53\VCP\SCPI\commonSCPI.cpp">
      <Filter>VCP\SCPI</Filter>
    </ClCompile>
    <ClCompile Include="..\..\..\S8-53\Device53\VCP\SCPI\controlSCPI.cpp">
      <Filter>VCP\SCPI</Filter>
    </ClCompile>
    <ClCompile Include="..\..\..\S8-53\Device53\VCP\SCPI\displaySCPI.cpp">
      <Filter>VCP\SCPI</Filter>
    </ClCompile>
    <ClCompile Include="..\..\..\S8-53\Device53\VCP\SCPI\SCPI.cpp">
      <Filter>VCP\SCPI</Filter>
    </ClCompile>
    <ClCompile Include="..\..\..\S8-53\Device53\VCP\SCPI\tbaseSCPI.cpp">
      <Filter>VCP\SCPI</Filter>
    </ClCompile>
    <ClCompile Include="..\..\..\S8-53\Device53\VCP\SCPI\trigSCPI.cpp">
      <Filter>VCP\SCPI</Filter>
    </ClCompile>
    <ClCompile Include="..\..\..\_libs\STM32Cube_F2\Middlewares\Third_Party\FatFs\src\diskio.c">
      <Filter>FatFS</Filter>
    </ClCompile>
    <ClCompile Include="..\..\..\_libs\STM32Cube_F2\Middlewares\Third_Party\FatFs\src\ff.c">
      <Filter>FatFS</Filter>
    </ClCompile>
    <ClCompile Include="..\..\..\_libs\STM32Cube_F2\Middlewares\Third_Party\FatFs\src\ff_gen_drv.c">
      <Filter>FatFS</Filter>
    </ClCompile>
    <ClCompile Include="..\..\..\_libs\STM32Cube_F2\Middlewares\Third_Party\FatFs\src\drivers\usbh_diskio.c">
      <Filter>FatFS</Filter>
    </ClCompile>
    <ClCompile Include="..\..\..\_libs\STM32Cube_F2\Middlewares\Third_Party\FatFs\src\option\syscall.c">
      <Filter>FatFS</Filter>
    </ClCompile>
    <ClCompile Include="..\..\..\_libs\STM32Cube_F2\Middlewares\Third_Party\FatFs\src\option\unicode.c">
      <Filter>FatFS</Filter>
    </ClCompile>
    <ClCompile Include="..\..\..\_libs\STM32Cube_F2\Middlewares\ST\STM32_USB_Device_Library\Core\Src\usbd_core.c">
      <Filter>USBD</Filter>
    </ClCompile>
    <ClCompile Include="..\..\..\_libs\STM32Cube_F2\Middlewares\ST\STM32_USB_Device_Library\Core\Src\usbd_ctlreq.c">
      <Filter>USBD</Filter>
    </ClCompile>
    <ClCompile Include="..\..\..\_libs\STM32Cube_F2\Middlewares\ST\STM32_USB_Device_Library\Core\Src\usbd_ioreq.c">
      <Filter>USBD</Filter>
    </ClCompile>
    <ClCompile Include="..\..\..\_libs\STM32Cube_F2\Middlewares\ST\STM32_USB_Device_Library\Class\CDC\Src\usbd_cdc.c">
      <Filter>USBD</Filter>
    </ClCompile>
    <ClCompile Include="..\..\..\common\Utils\Math.cpp">
      <Filter>Utils</Filter>
    </ClCompile>
    <ClCompile Include="..\..\..\common\Utils\StringUtils.cpp">
      <Filter>Utils</Filter>
    </ClCompile>
    <ClCompile Include="..\..\..\common\FPGA\FPGAMath.cpp">
      <Filter>FPGA</Filter>
    </ClCompile>
    <ClCompile Include="..\..\..\S8-53\Device53\FPGA\FPGACalibration.cpp">
      <Filter>FPGA</Filter>
    </ClCompile>
    <ClCompile Include="..\..\..\S8-53\Device53\FPGA\FPGASettings.cpp">
      <Filter>FPGA</Filter>
    </ClCompile>
    <ClCompile Include="..\..\..\common\commonDefines.cpp">
      <Filter>src</Filter>
    </ClCompile>
    <ClCompile Include="..\..\..\common\Settings\commonSettings.cpp">
      <Filter>Settings</Filter>
    </ClCompile>
    <ClCompile Include="..\..\..\common\Utils\CommonFunctions.cpp">
      <Filter>Utils</Filter>
    </ClCompile>
    <ClCompile Include="..\..\..\common\Utils\Map.cpp">
      <Filter>Utils</Filter>
    </ClCompile>
    <ClCompile Include="..\..\..\common\Menu\Pages\Definition.cpp">
      <Filter>Menu\Pages</Filter>
    </ClCompile>
    <ClCompile Include="..\..\..\common\Menu\Menu.cpp">
      <Filter>Menu</Filter>
    </ClCompile>
    <ClCompile Include="..\..\..\common\Menu\MenuItems.cpp">
      <Filter>Menu</Filter>
    </ClCompile>
    <ClCompile Include="..\..\..\common\Menu\MenuItemsGraphics.cpp">
      <Filter>Menu</Filter>
    </ClCompile>
    <ClCompile Include="..\..\..\common\Menu\MenuItemsLogic.cpp">
      <Filter>Menu</Filter>
    </ClCompile>
    <ClCompile Include="..\..\..\S8-53\Device53\Display\Display.cpp">
      <Filter>Display</Filter>
    </ClCompile>
    <ClCompile Include="..\..\..\S8-53\Device53\Display\PainterMem.cpp">
      <Filter>Display</Filter>
    </ClCompile>
    <ClCompile Include="..\..\..\common\Display\Colors.cpp">
      <Filter>Display</Filter>
    </ClCompile>
    <ClCompile Include="..\..\..\common\Display\DisplayPrimitives.cpp">
      <Filter>Display</Filter>
    </ClCompile>
    <ClCompile Include="..\..\..\common\Display\Grid.cpp">
      <Filter>Display</Filter>
    </ClCompile>
    <ClCompile Include="..\..\..\common\Display\Painter.cpp">
      <Filter>Display</Filter>
    </ClCompile>
    <ClCompile Include="..\..\..\common\Display\PainterText.cpp">
      <Filter>Display</Filter>
    </ClCompile>
    <ClCompile Include="..\..\..\common\Utils\Measures.cpp">
      <Filter>Utils</Filter>
    </ClCompile>
    <ClCompile Include="..\..\..\S8-53\Device53\stub.cpp">
      <Filter>src</Filter>
    </ClCompile>
    <ClCompile Include="..\..\..\S8-53\Device53\Settings\SettingsService.cpp">
      <Filter>Settings</Filter>
    </ClCompile>
    <ClCompile Include="..\..\..\common\Hardware\Timer.cpp">
      <Filter>Hardware</Filter>
    </ClCompile>
    <ClCompile Include="..\..\..\S8-53\Device53\FlashDrive\FileManager.cpp">
      <Filter>FlashDrive</Filter>
    </ClCompile>
    <ClCompile Include="..\..\..\common\Hardware\Sound.cpp">
      <Filter>Hardware</Filter>
    </ClCompile>
  </ItemGroup>
  <ItemGroup>
    <ClInclude Include="..\..\..\S8-53\Device53\libs\app_ethernet.h">
      <Filter>libs</Filter>
    </ClInclude>
    <ClInclude Include="..\..\..\S8-53\Device53\libs\ethernetif.h">
      <Filter>libs</Filter>
    </ClInclude>
    <ClInclude Include="..\..\..\S8-53\Device53\libs\ffconf.h">
      <Filter>libs</Filter>
    </ClInclude>
    <ClInclude Include="..\..\..\S8-53\Device53\libs\lwipopts.h">
      <Filter>libs</Filter>
    </ClInclude>
    <ClInclude Include="..\..\..\S8-53\Device53\libs\stm32f2xx_hal_conf.h">
      <Filter>libs</Filter>
    </ClInclude>
    <ClInclude Include="..\..\..\S8-53\Device53\libs\stm32f2xx_it.h">
      <Filter>libs</Filter>
    </ClInclude>
    <ClInclude Include="..\..\..\S8-53\Device53\libs\usbd_cdc_interface.h">
      <Filter>libs</Filter>
    </ClInclude>
    <ClInclude Include="..\..\..\S8-53\Device53\libs\usbd_conf.h">
      <Filter>libs</Filter>
    </ClInclude>
    <ClInclude Include="..\..\..\S8-53\Device53\libs\usbd_desc.h">
      <Filter>libs</Filter>
    </ClInclude>
    <ClInclude Include="..\..\..\S8-53\Device53\libs\usbh_conf.h">
      <Filter>libs</Filter>
    </ClInclude>
    <ClInclude Include="..\..\..\_libs\forVS\core_cm3.h">
      <Filter>forVS</Filter>
    </ClInclude>
    <ClInclude Include="..\..\..\_libs\forVS\core_cm4.h">
      <Filter>forVS</Filter>
    </ClInclude>
    <ClInclude Include="..\..\..\_libs\forVS\ctype.h">
      <Filter>forVS</Filter>
    </ClInclude>
    <ClInclude Include="..\..\..\_libs\forVS\ff.h">
      <Filter>forVS</Filter>
    </ClInclude>
    <ClInclude Include="..\..\..\_libs\forVS\ff_gen_drv.h">
      <Filter>forVS</Filter>
    </ClInclude>
    <ClInclude Include="..\..\..\_libs\forVS\limits.h">
      <Filter>forVS</Filter>
    </ClInclude>
    <ClInclude Include="..\..\..\_libs\forVS\math.h">
      <Filter>forVS</Filter>
    </ClInclude>
    <ClInclude Include="..\..\..\_libs\forVS\stdarg.h">
      <Filter>forVS</Filter>
    </ClInclude>
    <ClInclude Include="..\..\..\_libs\forVS\stdint.h">
      <Filter>forVS</Filter>
    </ClInclude>
    <ClInclude Include="..\..\..\_libs\forVS\stdio.h">
      <Filter>forVS</Filter>
    </ClInclude>
    <ClInclude Include="..\..\..\_libs\forVS\stdlib.h">
      <Filter>forVS</Filter>
    </ClInclude>
    <ClInclude Include="..\..\..\_libs\forVS\stm32f4xx_hal.h">
      <Filter>forVS</Filter>
    </ClInclude>
    <ClInclude Include="..\..\..\_libs\forVS\string.h">
      <Filter>forVS</Filter>
    </ClInclude>
    <ClInclude Include="..\..\..\_libs\forVS\tchar.h">
      <Filter>forVS</Filter>
    </ClInclude>
    <ClInclude Include="..\..\..\_libs\forVS\usbd_cdc.h">
      <Filter>forVS</Filter>
    </ClInclude>
    <ClInclude Include="..\..\..\_libs\forVS\usbd_core.h">
      <Filter>forVS</Filter>
    </ClInclude>
    <ClInclude Include="..\..\..\_libs\forVS\usbd_def.h">
      <Filter>forVS</Filter>
    </ClInclude>
    <ClInclude Include="..\..\..\_libs\forVS\usbd_ioreq.h">
      <Filter>forVS</Filter>
    </ClInclude>
    <ClInclude Include="..\..\..\_libs\forVS\usbh_core.h">
      <Filter>forVS</Filter>
    </ClInclude>
    <ClInclude Include="..\..\..\_libs\forVS\usbh_def.h">
      <Filter>forVS</Filter>
    </ClInclude>
    <ClInclude Include="..\..\..\_libs\forVS\usbh_msc.h">
      <Filter>forVS</Filter>
    </ClInclude>
    <ClInclude Include="..\..\..\_libs\forVS\usbh_msc_bot.h">
      <Filter>forVS</Filter>
    </ClInclude>
    <ClInclude Include="..\..\..\_libs\forVS\windows.h">
      <Filter>forVS</Filter>
    </ClInclude>
    <ClInclude Include="..\..\..\_libs\forVS\inttypes.h">
      <Filter>forVS</Filter>
    </ClInclude>
    <ClInclude Include="..\..\..\S8-53\Device53\defines.h">
      <Filter>src</Filter>
    </ClInclude>
    <ClInclude Include="..\..\..\S8-53\Device53\Globals.h">
      <Filter>src</Filter>
    </ClInclude>
    <ClInclude Include="..\..\..\S8-53\Device53\Log.h">
      <Filter>src</Filter>
    </ClInclude>
    <ClInclude Include="..\..\..\S8-53\Device53\main.h">
      <Filter>src</Filter>
    </ClInclude>
    <ClInclude Include="..\..\..\S8-53\Device53\Tables.h">
      <Filter>src</Filter>
    </ClInclude>
    <ClInclude Include="..\..\..\S8-53\Device53\Display\font\Font.h">
      <Filter>Display\fonts</Filter>
    </ClInclude>
    <ClInclude Include="..\..\..\S8-53\Device53\Ethernet\Ethernet.h">
      <Filter>Ethernet</Filter>
    </ClInclude>
    <ClInclude Include="..\..\..\S8-53\Device53\Ethernet\TcpSocket.h">
      <Filter>Ethernet</Filter>
    </ClInclude>
    <ClInclude Include="..\..\..\S8-53\Device53\FlashDrive\FlashDrive.h">
      <Filter>FlashDrive</Filter>
    </ClInclude>
    <ClInclude Include="..\..\..\S8-53\Device53\FPGA\DataStorage.h">
      <Filter>FPGA</Filter>
    </ClInclude>
    <ClInclude Include="..\..\..\S8-53\Device53\FPGA\FPGA.h">
      <Filter>FPGA</Filter>
    </ClInclude>
    <ClInclude Include="..\..\..\S8-53\Device53\Hardware\ADC.h">
      <Filter>Hardware</Filter>
    </ClInclude>
    <ClInclude Include="..\..\..\S8-53\Device53\Hardware\FLASH.h">
      <Filter>Hardware</Filter>
    </ClInclude>
    <ClInclude Include="..\..\..\S8-53\Device53\Hardware\FSMC.h">
      <Filter>Hardware</Filter>
    </ClInclude>
    <ClInclude Include="..\..\..\S8-53\Device53\Hardware\Hardware.h">
      <Filter>Hardware</Filter>
    </ClInclude>
    <ClInclude Include="..\..\..\S8-53\Device53\Hardware\RTC.h">
      <Filter>Hardware</Filter>
    </ClInclude>
    <ClInclude Include="..\..\..\S8-53\Device53\Menu\Pages\HelpContent.h">
      <Filter>Menu\Pages</Filter>
    </ClInclude>
    <ClInclude Include="..\..\..\S8-53\Device53\Menu\Pages\HelpContentPages.h">
      <Filter>Menu\Pages</Filter>
    </ClInclude>
    <ClInclude Include="..\..\..\S8-53\Device53\Menu\Pages\PageCursors.h">
      <Filter>Menu\Pages</Filter>
    </ClInclude>
    <ClInclude Include="..\..\..\S8-53\Device53\Menu\Pages\PageHelp.h">
      <Filter>Menu\Pages</Filter>
    </ClInclude>
    <ClInclude Include="..\..\..\S8-53\Device53\Menu\Pages\PageMemory.h">
      <Filter>Menu\Pages</Filter>
    </ClInclude>
    <ClInclude Include="..\..\..\S8-53\Device53\Panel\Controls.h">
      <Filter>Panel</Filter>
    </ClInclude>
    <ClInclude Include="..\..\..\S8-53\Device53\Panel\Panel.h">
      <Filter>Panel</Filter>
    </ClInclude>
    <ClInclude Include="..\..\..\S8-53\Device53\Settings\Settings.h">
      <Filter>Settings</Filter>
    </ClInclude>
    <ClInclude Include="..\..\..\S8-53\Device53\Settings\SettingsChannel.h">
      <Filter>Settings</Filter>
    </ClInclude>
    <ClInclude Include="..\..\..\S8-53\Device53\Settings\SettingsCursors.h">
      <Filter>Settings</Filter>
    </ClInclude>
    <ClInclude Include="..\..\..\S8-53\Device53\Settings\SettingsDebug.h">
      <Filter>Settings</Filter>
    </ClInclude>
    <ClInclude Include="..\..\..\S8-53\Device53\Settings\SettingsDisplay.h">
      <Filter>Settings</Filter>
    </ClInclude>
    <ClInclude Include="..\..\..\S8-53\Device53\Settings\SettingsMath.h">
      <Filter>Settings</Filter>
    </ClInclude>
    <ClInclude Include="..\..\..\S8-53\Device53\Settings\SettingsMeasures.h">
      <Filter>Settings</Filter>
    </ClInclude>
    <ClInclude Include="..\..\..\S8-53\Device53\Settings\SettingsMemory.h">
      <Filter>Settings</Filter>
    </ClInclude>
    <ClInclude Include="..\..\..\S8-53\Device53\Settings\SettingsService.h">
      <Filter>Settings</Filter>
    </ClInclude>
    <ClInclude Include="..\..\..\S8-53\Device53\Settings\SettingsTime.h">
      <Filter>Settings</Filter>
    </ClInclude>
    <ClInclude Include="..\..\..\S8-53\Device53\Settings\SettingsTrig.h">
      <Filter>Settings</Filter>
    </ClInclude>
    <ClInclude Include="..\..\..\S8-53\Device53\Settings\SettingsTypes.h">
      <Filter>Settings</Filter>
    </ClInclude>
    <ClInclude Include="..\..\..\S8-53\Device53\Utils\ProcessingSignal.h">
      <Filter>Utils</Filter>
    </ClInclude>
    <ClInclude Include="..\..\..\S8-53\Device53\VCP\VCP.h">
      <Filter>VCP</Filter>
    </ClInclude>
    <ClInclude Include="..\..\..\S8-53\Device53\VCP\SCPI\commonSCPI.h">
      <Filter>VCP\SCPI</Filter>
    </ClInclude>
    <ClInclude Include="..\..\..\S8-53\Device53\VCP\SCPI\controlSCPI.h">
      <Filter>VCP\SCPI</Filter>
    </ClInclude>
    <ClInclude Include="..\..\..\S8-53\Device53\VCP\SCPI\SCPI.h">
      <Filter>VCP\SCPI</Filter>
    </ClInclude>
    <ClInclude Include="..\..\..\_libs\STM32Cube_F2\Middlewares\Third_Party\FatFs\src\diskio.h">
      <Filter>FatFS</Filter>
    </ClInclude>
    <ClInclude Include="..\..\..\_libs\STM32Cube_F2\Middlewares\Third_Party\FatFs\src\ff.h">
      <Filter>FatFS</Filter>
    </ClInclude>
    <ClInclude Include="..\..\..\_libs\STM32Cube_F2\Middlewares\Third_Party\FatFs\src\ff_gen_drv.h">
      <Filter>FatFS</Filter>
    </ClInclude>
    <ClInclude Include="..\..\..\_libs\STM32Cube_F2\Middlewares\Third_Party\FatFs\src\drivers\usbh_diskio.h">
      <Filter>FatFS</Filter>
    </ClInclude>
    <ClInclude Include="..\..\..\common\Utils\Math.h">
      <Filter>Utils</Filter>
    </ClInclude>
    <ClInclude Include="..\..\..\common\Utils\StringUtils.h">
      <Filter>Utils</Filter>
    </ClInclude>
    <ClInclude Include="..\..\..\common\commonDefines.h">
      <Filter>src</Filter>
    </ClInclude>
    <ClInclude Include="..\..\..\S8-53\Device53\FPGA\FPGATypes.h">
      <Filter>FPGA</Filter>
    </ClInclude>
    <ClInclude Include="..\..\..\common\FPGA\FPGAMath.h">
      <Filter>FPGA</Filter>
    </ClInclude>
    <ClInclude Include="..\..\..\common\Settings\commonSettings.h">
      <Filter>Settings</Filter>
    </ClInclude>
    <ClInclude Include="..\..\..\common\Settings\commonSettingsMath.h">
      <Filter>Settings</Filter>
    </ClInclude>
    <ClInclude Include="..\..\..\common\Utils\CommonFunctions.h">
      <Filter>Utils</Filter>
    </ClInclude>
    <ClInclude Include="..\..\..\common\Utils\Map.h">
      <Filter>Utils</Filter>
    </ClInclude>
    <ClInclude Include="..\..\..\common\Menu\Pages\Definition.h">
      <Filter>Menu\Pages</Filter>
    </ClInclude>
    <ClInclude Include="..\..\..\common\Menu\Menu.h">
      <Filter>Menu</Filter>
    </ClInclude>
    <ClInclude Include="..\..\..\common\Menu\MenuDrawing.h">
      <Filter>Menu</Filter>
    </ClInclude>
    <ClInclude Include="..\..\..\common\Menu\MenuItems.h">
      <Filter>Menu</Filter>
    </ClInclude>
    <ClInclude Include="..\..\..\common\Menu\MenuItemsDefs.h">
      <Filter>Menu</Filter>
    </ClInclude>
    <ClInclude Include="..\..\..\S8-53\Device53\Menu\Pages\PageDisplay.h">
      <Filter>Menu\Pages</Filter>
    </ClInclude>
    <ClInclude Include="..\..\..\S8-53\Device53\Display\Display.h">
      <Filter>Display</Filter>
    </ClInclude>
    <ClInclude Include="..\..\..\S8-53\Device53\Display\PainterMem.h">
      <Filter>Display</Filter>
    </ClInclude>
    <ClInclude Include="..\..\..\S8-53\Device53\Display\Symbols.h">
      <Filter>Display</Filter>
    </ClInclude>
    <ClInclude Include="..\..\..\common\Display\Colors.h">
      <Filter>Display</Filter>
    </ClInclude>
    <ClInclude Include="..\..\..\common\Display\DisplayPrimitives.h">
      <Filter>Display</Filter>
    </ClInclude>
    <ClInclude Include="..\..\..\common\Display\DisplayTypes.h">
      <Filter>Display</Filter>
    </ClInclude>
    <ClInclude Include="..\..\..\common\Display\Grid.h">
      <Filter>Display</Filter>
    </ClInclude>
    <ClInclude Include="..\..\..\common\Display\Painter.h">
      <Filter>Display</Filter>
    </ClInclude>
    <ClInclude Include="..\..\..\common\Display\Symbols.h">
      <Filter>Display</Filter>
    </ClInclude>
    <ClInclude Include="..\..\..\common\Utils\Measures.h">
      <Filter>Utils</Filter>
    </ClInclude>
    <ClInclude Include="..\..\..\S8-53\Device53\stub.h">
      <Filter>src</Filter>
    </ClInclude>
    <ClInclude Include="..\..\..\S8-53\Device53\Menu\MenuPagesNames.h">
      <Filter>Menu</Filter>
    </ClInclude>
    <ClInclude Include="..\..\..\common\Hardware\Timer.h">
      <Filter>Hardware</Filter>
    </ClInclude>
    <ClInclude Include="..\..\..\S8-53\Device53\FlashDrive\FileManager.h">
      <Filter>FlashDrive</Filter>
    </ClInclude>
    <ClInclude Include="..\..\..\common\Hardware\Sound.h">
      <Filter>Hardware</Filter>
    </ClInclude>
  </ItemGroup>
  <ItemGroup>
    <None Include="..\..\..\S8-53\Device53\libs\startup_stm32f207xx.s">
      <Filter>libs</Filter>
    </None>
    <None Include="..\..\..\_libs\forVS\algorithm">
      <Filter>forVS</Filter>
    </None>
    <None Include="..\..\..\S8-53\Device53\main2.s">
      <Filter>src</Filter>
    </None>
    <None Include="..\..\..\S8-53\Device53\Display\font\font5.inc">
      <Filter>Display\fonts</Filter>
    </None>
    <None Include="..\..\..\S8-53\Device53\Display\font\font5display.inc">
      <Filter>Display\fonts</Filter>
    </None>
    <None Include="..\..\..\S8-53\Device53\Display\font\font8.inc">
      <Filter>Display\fonts</Filter>
    </None>
    <None Include="..\..\..\S8-53\Device53\Display\font\font8display.inc">
      <Filter>Display\fonts</Filter>
    </None>
    <None Include="..\..\..\S8-53\Device53\Display\font\fontUGO.inc">
      <Filter>Display\fonts</Filter>
    </None>
    <None Include="..\..\..\S8-53\Device53\Display\font\fontUGO2.inc">
      <Filter>Display\fonts</Filter>
    </None>
    <None Include="..\..\..\S8-53\Device53\Display\font\fontUGO2display.inc">
      <Filter>Display\fonts</Filter>
    </None>
    <None Include="..\..\..\S8-53\Device53\Display\font\fontUGOdisplay.inc">
      <Filter>Display\fonts</Filter>
    </None>
    <None Include="..\..\..\S8-53\Device53\Hardware\DisplayHardware.inc">
      <Filter>Hardware</Filter>
    </None>
  </ItemGroup>
</Project>