<?xml version="1.0" encoding="utf-8"?>
<Project ToolsVersion="4.0" xmlns="http://schemas.microsoft.com/developer/msbuild/2003">
  <ItemGroup>
    <Filter Include="Display">
      <UniqueIdentifier>{847d3583-b947-4116-9b14-aa088848637b}</UniqueIdentifier>
    </Filter>
    <Filter Include="Display\fonts">
      <UniqueIdentifier>{b1854a03-afef-4db0-bdb7-e6833876a51a}</UniqueIdentifier>
    </Filter>
    <Filter Include="FlashDrive">
      <UniqueIdentifier>{5bb53e09-8c8c-4786-bd4e-5e3d927d6687}</UniqueIdentifier>
    </Filter>
    <Filter Include="Hardware">
      <UniqueIdentifier>{07655a25-5294-4332-b569-32a56565ea60}</UniqueIdentifier>
    </Filter>
    <Filter Include="libs">
      <UniqueIdentifier>{64a61d03-cc30-46a9-a8af-72ce22205a12}</UniqueIdentifier>
    </Filter>
    <Filter Include="Panel">
      <UniqueIdentifier>{16dfce74-c008-4797-a629-0dbbedfad285}</UniqueIdentifier>
    </Filter>
    <Filter Include="Settings">
      <UniqueIdentifier>{652e5ca9-46bd-4c71-902a-1865cbac69e7}</UniqueIdentifier>
    </Filter>
    <Filter Include="Utils">
      <UniqueIdentifier>{5892bb12-c681-4de5-9f7b-838044c2aaa0}</UniqueIdentifier>
    </Filter>
    <Filter Include="src">
      <UniqueIdentifier>{a9221ba6-b6de-48ea-9b58-7a31cdecd9db}</UniqueIdentifier>
    </Filter>
    <Filter Include="_VS">
      <UniqueIdentifier>{b51bc987-5717-4ec9-bfc2-1baf971ac85c}</UniqueIdentifier>
    </Filter>
    <Filter Include="Hardware\stm32">
      <UniqueIdentifier>{20df779b-6a37-41d4-aee4-265b938cfc2c}</UniqueIdentifier>
    </Filter>
    <Filter Include="libs\HAL">
      <UniqueIdentifier>{b4f7c517-d9e2-4ca7-9548-d30fdea22d49}</UniqueIdentifier>
    </Filter>
    <Filter Include="libs\FatFS">
      <UniqueIdentifier>{ca75820c-3093-43eb-b2e4-b5bae8a22237}</UniqueIdentifier>
    </Filter>
    <Filter Include="libs\USBH">
      <UniqueIdentifier>{0dc7e33c-b28f-40c1-923b-4e914e266a2d}</UniqueIdentifier>
    </Filter>
    <Filter Include="libs\CMSIS">
      <UniqueIdentifier>{e9fe6663-4b61-488d-8efb-49ea475f5da5}</UniqueIdentifier>
    </Filter>
  </ItemGroup>
  <ItemGroup>
    <ClCompile Include="..\..\libs\common\Utils\Math.cpp">
      <Filter>Utils</Filter>
    </ClCompile>
    <ClCompile Include="..\..\Loader53\src\Display\Display.cpp">
      <Filter>Display</Filter>
    </ClCompile>
    <ClCompile Include="..\..\Loader53\src\Hardware\FLASH.cpp">
      <Filter>Hardware</Filter>
    </ClCompile>
    <ClCompile Include="..\..\Loader53\src\FlashDrive\FlashDrive.cpp">
      <Filter>FlashDrive</Filter>
    </ClCompile>
    <ClCompile Include="..\..\Loader53\src\Display\font\Font.cpp">
      <Filter>Display\fonts</Filter>
    </ClCompile>
    <ClCompile Include="..\..\Loader53\src\Hardware\FSMC.cpp">
      <Filter>Hardware</Filter>
    </ClCompile>
    <ClCompile Include="..\..\Loader53\src\globals.cpp">
      <Filter>src</Filter>
    </ClCompile>
    <ClCompile Include="..\..\Loader53\src\Hardware\Hardware.cpp">
      <Filter>Hardware</Filter>
    </ClCompile>
    <ClCompile Include="..\..\Loader53\src\main.cpp">
      <Filter>src</Filter>
    </ClCompile>
    <ClCompile Include="..\..\Loader53\src\Panel\Panel.cpp">
      <Filter>Panel</Filter>
    </ClCompile>
    <ClCompile Include="..\..\Loader53\src\Settings\Settings.cpp">
      <Filter>Settings</Filter>
    </ClCompile>
    <ClCompile Include="..\..\Loader53\src\libs\usbh_conf.cpp">
      <Filter>libs\USBH</Filter>
    </ClCompile>
    <ClCompile Include="..\..\libs\common\Hardware\Timer.cpp">
      <Filter>Hardware</Filter>
    </ClCompile>
    <ClCompile Include="..\..\libs\common\Display\Colors.cpp">
      <Filter>Display</Filter>
    </ClCompile>
    <ClCompile Include="..\..\libs\common\Display\Painter.cpp">
      <Filter>Display</Filter>
    </ClCompile>
    <ClCompile Include="..\..\libs\common\Display\PainterText.cpp">
      <Filter>Display</Filter>
    </ClCompile>
    <ClCompile Include="..\..\libs\STM32Cube_F2\Middlewares\Third_Party\FatFs\src\diskio.c">
      <Filter>libs\FatFS</Filter>
    </ClCompile>
    <ClCompile Include="..\..\libs\STM32Cube_F2\Middlewares\Third_Party\FatFs\src\ff.c">
      <Filter>libs\FatFS</Filter>
    </ClCompile>
    <ClCompile Include="..\..\libs\STM32Cube_F2\Middlewares\Third_Party\FatFs\src\ff_gen_drv.c">
      <Filter>libs\FatFS</Filter>
    </ClCompile>
    <ClCompile Include="..\..\libs\STM32Cube_F2\Middlewares\Third_Party\FatFs\src\option\syscall.c">
      <Filter>libs\FatFS</Filter>
    </ClCompile>
    <ClCompile Include="..\..\libs\STM32Cube_F2\Middlewares\Third_Party\FatFs\src\option\unicode.c">
      <Filter>libs\FatFS</Filter>
    </ClCompile>
    <ClCompile Include="..\..\libs\STM32Cube_F2\Middlewares\Third_Party\FatFs\src\drivers\usbh_diskio.c">
      <Filter>libs\FatFS</Filter>
    </ClCompile>
    <ClCompile Include="..\..\libs\STM32Cube_F2\Drivers\STM32F2xx_HAL_Driver\Src\stm32f2xx_hal.c">
      <Filter>libs\HAL</Filter>
    </ClCompile>
    <ClCompile Include="..\..\libs\STM32Cube_F2\Drivers\STM32F2xx_HAL_Driver\Src\stm32f2xx_hal_cortex.c">
      <Filter>libs\HAL</Filter>
    </ClCompile>
    <ClCompile Include="..\..\libs\STM32Cube_F2\Drivers\STM32F2xx_HAL_Driver\Src\stm32f2xx_hal_dma.c">
      <Filter>libs\HAL</Filter>
    </ClCompile>
    <ClCompile Include="..\..\libs\STM32Cube_F2\Drivers\STM32F2xx_HAL_Driver\Src\stm32f2xx_hal_dma_ex.c">
      <Filter>libs\HAL</Filter>
    </ClCompile>
    <ClCompile Include="..\..\libs\STM32Cube_F2\Drivers\STM32F2xx_HAL_Driver\Src\stm32f2xx_hal_flash.c">
      <Filter>libs\HAL</Filter>
    </ClCompile>
    <ClCompile Include="..\..\libs\STM32Cube_F2\Drivers\STM32F2xx_HAL_Driver\Src\stm32f2xx_hal_flash_ex.c">
      <Filter>libs\HAL</Filter>
    </ClCompile>
    <ClCompile Include="..\..\libs\STM32Cube_F2\Drivers\STM32F2xx_HAL_Driver\Src\stm32f2xx_hal_gpio.c">
      <Filter>libs\HAL</Filter>
    </ClCompile>
    <ClCompile Include="..\..\libs\STM32Cube_F2\Drivers\STM32F2xx_HAL_Driver\Src\stm32f2xx_hal_hcd.c">
      <Filter>libs\HAL</Filter>
    </ClCompile>
    <ClCompile Include="..\..\libs\STM32Cube_F2\Drivers\STM32F2xx_HAL_Driver\Src\stm32f2xx_hal_rcc.c">
      <Filter>libs\HAL</Filter>
    </ClCompile>
    <ClCompile Include="..\..\libs\STM32Cube_F2\Drivers\STM32F2xx_HAL_Driver\Src\stm32f2xx_hal_rcc_ex.c">
      <Filter>libs\HAL</Filter>
    </ClCompile>
    <ClCompile Include="..\..\libs\STM32Cube_F2\Drivers\STM32F2xx_HAL_Driver\Src\stm32f2xx_hal_spi.c">
      <Filter>libs\HAL</Filter>
    </ClCompile>
    <ClCompile Include="..\..\libs\STM32Cube_F2\Drivers\STM32F2xx_HAL_Driver\Src\stm32f2xx_hal_sram.c">
      <Filter>libs\HAL</Filter>
    </ClCompile>
    <ClCompile Include="..\..\libs\STM32Cube_F2\Drivers\STM32F2xx_HAL_Driver\Src\stm32f2xx_hal_tim.c">
      <Filter>libs\HAL</Filter>
    </ClCompile>
    <ClCompile Include="..\..\libs\STM32Cube_F2\Drivers\STM32F2xx_HAL_Driver\Src\stm32f2xx_hal_tim_ex.c">
      <Filter>libs\HAL</Filter>
    </ClCompile>
    <ClCompile Include="..\..\libs\STM32Cube_F2\Drivers\STM32F2xx_HAL_Driver\Src\stm32f2xx_ll_fsmc.c">
      <Filter>libs\HAL</Filter>
    </ClCompile>
    <ClCompile Include="..\..\libs\STM32Cube_F2\Drivers\STM32F2xx_HAL_Driver\Src\stm32f2xx_ll_usb.c">
      <Filter>libs\HAL</Filter>
    </ClCompile>
    <ClCompile Include="..\..\libs\STM32Cube_F2\Middlewares\ST\STM32_USB_Host_Library\Core\Src\usbh_core.c">
      <Filter>libs\USBH</Filter>
    </ClCompile>
    <ClCompile Include="..\..\libs\STM32Cube_F2\Middlewares\ST\STM32_USB_Host_Library\Core\Src\usbh_ctlreq.c">
      <Filter>libs\USBH</Filter>
    </ClCompile>
    <ClCompile Include="..\..\libs\STM32Cube_F2\Middlewares\ST\STM32_USB_Host_Library\Core\Src\usbh_ioreq.c">
      <Filter>libs\USBH</Filter>
    </ClCompile>
    <ClCompile Include="..\..\libs\STM32Cube_F2\Middlewares\ST\STM32_USB_Host_Library\Core\Src\usbh_pipes.c">
      <Filter>libs\USBH</Filter>
    </ClCompile>
    <ClCompile Include="..\..\libs\STM32Cube_F2\Middlewares\ST\STM32_USB_Host_Library\Class\MSC\Src\usbh_msc.c">
      <Filter>libs\USBH</Filter>
    </ClCompile>
    <ClCompile Include="..\..\libs\STM32Cube_F2\Middlewares\ST\STM32_USB_Host_Library\Class\MSC\Src\usbh_msc_bot.c">
      <Filter>libs\USBH</Filter>
    </ClCompile>
    <ClCompile Include="..\..\libs\STM32Cube_F2\Middlewares\ST\STM32_USB_Host_Library\Class\MSC\Src\usbh_msc_scsi.c">
      <Filter>libs\USBH</Filter>
    </ClCompile>
    <ClCompile Include="..\..\Loader53\src\Hardware\stm32f2xx_it.cpp">
      <Filter>Hardware</Filter>
    </ClCompile>
    <ClCompile Include="..\..\Loader53\src\Hardware\CPU.cpp">
      <Filter>Hardware</Filter>
    </ClCompile>
    <ClCompile Include="..\..\Loader53\src\libs\HAL\stm32f2xx_hal_msp.cpp">
      <Filter>libs\HAL</Filter>
    </ClCompile>
    <ClCompile Include="..\..\Loader53\src\libs\CMSIS\system_stm32f2xx.c">
      <Filter>libs\CMSIS</Filter>
    </ClCompile>
    <ClCompile Include="..\..\libs\common\Hardware\stm32\2XX\Timer2XX.cpp">
      <Filter>Hardware\stm32</Filter>
    </ClCompile>
    <ClCompile Include="..\..\libs\common\Hardware\Controls\Controls53.cpp">
      <Filter>Hardware</Filter>
    </ClCompile>
  </ItemGroup>
  <ItemGroup>
    <ClInclude Include="..\..\libs\common\Utils\Math.h">
      <Filter>Utils</Filter>
    </ClInclude>
    <ClInclude Include="..\..\Loader53\src\Display\Display.h">
      <Filter>Display</Filter>
    </ClInclude>
    <ClInclude Include="..\..\Loader53\src\defines.h">
      <Filter>src</Filter>
    </ClInclude>
    <ClInclude Include="..\..\Loader53\src\Hardware\FLASH.h">
      <Filter>Hardware</Filter>
    </ClInclude>
    <ClInclude Include="..\..\Loader53\src\FlashDrive\FlashDrive.h">
      <Filter>FlashDrive</Filter>
    </ClInclude>
    <ClInclude Include="..\..\Loader53\src\Display\font\Font.h">
      <Filter>Display\fonts</Filter>
    </ClInclude>
    <ClInclude Include="..\..\Loader53\src\Hardware\FSMC.h">
      <Filter>Hardware</Filter>
    </ClInclude>
    <ClInclude Include="..\..\Loader53\src\globals.h">
      <Filter>src</Filter>
    </ClInclude>
    <ClInclude Include="..\..\Loader53\src\Hardware\Hardware.h">
      <Filter>Hardware</Filter>
    </ClInclude>
    <ClInclude Include="..\..\Loader53\src\main.h">
      <Filter>src</Filter>
    </ClInclude>
    <ClInclude Include="..\..\Loader53\src\Panel\Panel.h">
      <Filter>Panel</Filter>
    </ClInclude>
    <ClInclude Include="..\..\Loader53\src\Settings\Settings.h">
      <Filter>Settings</Filter>
    </ClInclude>
    <ClInclude Include="..\..\Loader53\src\Settings\SettingsTypes.h">
      <Filter>Settings</Filter>
    </ClInclude>
    <ClInclude Include="..\..\Loader53\src\libs\usbh_conf.h">
      <Filter>libs\USBH</Filter>
    </ClInclude>
    <ClInclude Include="..\..\libs\common\_VS\ctype.h">
      <Filter>_VS</Filter>
    </ClInclude>
    <ClInclude Include="..\..\libs\common\_VS\integer.h">
      <Filter>_VS</Filter>
    </ClInclude>
    <ClInclude Include="..\..\libs\common\_VS\inttypes.h">
      <Filter>_VS</Filter>
    </ClInclude>
    <ClInclude Include="..\..\libs\common\_VS\limits.h">
      <Filter>_VS</Filter>
    </ClInclude>
    <ClInclude Include="..\..\libs\common\_VS\math.h">
      <Filter>_VS</Filter>
    </ClInclude>
    <ClInclude Include="..\..\libs\common\_VS\stdarg.h">
      <Filter>_VS</Filter>
    </ClInclude>
    <ClInclude Include="..\..\libs\common\_VS\stdint.h">
      <Filter>_VS</Filter>
    </ClInclude>
    <ClInclude Include="..\..\libs\common\_VS\stdio.h">
      <Filter>_VS</Filter>
    </ClInclude>
    <ClInclude Include="..\..\libs\common\_VS\stdlib.h">
      <Filter>_VS</Filter>
    </ClInclude>
    <ClInclude Include="..\..\libs\common\_VS\string.h">
      <Filter>_VS</Filter>
    </ClInclude>
    <ClInclude Include="..\..\libs\common\_VS\tchar.h">
      <Filter>_VS</Filter>
    </ClInclude>
    <ClInclude Include="..\..\libs\common\_VS\windows.h">
      <Filter>_VS</Filter>
    </ClInclude>
    <ClInclude Include="..\..\libs\common\Hardware\Timer.h">
      <Filter>Hardware</Filter>
    </ClInclude>
    <ClInclude Include="..\..\libs\common\Display\Colors.h">
      <Filter>Display</Filter>
    </ClInclude>
    <ClInclude Include="..\..\libs\common\Display\Painter.h">
      <Filter>Display</Filter>
    </ClInclude>
    <ClInclude Include="..\..\libs\common\stub.h">
      <Filter>src</Filter>
    </ClInclude>
    <ClInclude Include="..\..\Loader53\src\Settings\SettingsDisplay.h">
      <Filter>Settings</Filter>
    </ClInclude>
    <ClInclude Include="..\..\libs\STM32Cube_F2\Middlewares\Third_Party\FatFs\src\diskio.h">
      <Filter>libs\FatFS</Filter>
    </ClInclude>
    <ClInclude Include="..\..\libs\STM32Cube_F2\Middlewares\Third_Party\FatFs\src\ff.h">
      <Filter>libs\FatFS</Filter>
    </ClInclude>
    <ClInclude Include="..\..\libs\STM32Cube_F2\Middlewares\Third_Party\FatFs\src\ff_gen_drv.h">
      <Filter>libs\FatFS</Filter>
    </ClInclude>
    <ClInclude Include="..\..\libs\STM32Cube_F2\Middlewares\Third_Party\FatFs\src\drivers\usbh_diskio.h">
      <Filter>libs\FatFS</Filter>
    </ClInclude>
    <ClInclude Include="..\..\libs\STM32Cube_F2\Middlewares\ST\STM32_USB_Host_Library\Core\Inc\usbh_core.h">
      <Filter>libs\USBH</Filter>
    </ClInclude>
    <ClInclude Include="..\..\libs\STM32Cube_F2\Middlewares\ST\STM32_USB_Host_Library\Core\Inc\usbh_ctlreq.h">
      <Filter>libs\USBH</Filter>
    </ClInclude>
    <ClInclude Include="..\..\libs\STM32Cube_F2\Middlewares\ST\STM32_USB_Host_Library\Core\Inc\usbh_def.h">
      <Filter>libs\USBH</Filter>
    </ClInclude>
    <ClInclude Include="..\..\libs\STM32Cube_F2\Middlewares\ST\STM32_USB_Host_Library\Core\Inc\usbh_ioreq.h">
      <Filter>libs\USBH</Filter>
    </ClInclude>
    <ClInclude Include="..\..\libs\STM32Cube_F2\Middlewares\ST\STM32_USB_Host_Library\Core\Inc\usbh_pipes.h">
      <Filter>libs\USBH</Filter>
    </ClInclude>
    <ClInclude Include="..\..\libs\STM32Cube_F2\Middlewares\ST\STM32_USB_Host_Library\Class\MSC\Inc\usbh_msc.h">
      <Filter>libs\USBH</Filter>
    </ClInclude>
    <ClInclude Include="..\..\libs\STM32Cube_F2\Middlewares\ST\STM32_USB_Host_Library\Class\MSC\Inc\usbh_msc_bot.h">
      <Filter>libs\USBH</Filter>
    </ClInclude>
    <ClInclude Include="..\..\libs\STM32Cube_F2\Middlewares\ST\STM32_USB_Host_Library\Class\MSC\Inc\usbh_msc_scsi.h">
      <Filter>libs\USBH</Filter>
    </ClInclude>
    <ClInclude Include="..\..\Loader53\src\Hardware\it.h">
      <Filter>Hardware</Filter>
    </ClInclude>
    <ClInclude Include="..\..\Loader53\src\Hardware\stm32f2xx_it.h">
      <Filter>Hardware</Filter>
    </ClInclude>
    <ClInclude Include="..\..\Loader53\src\Hardware\CPU.h">
      <Filter>Hardware</Filter>
    </ClInclude>
    <ClInclude Include="..\..\Loader53\src\libs\FatFS\ffconf.h">
      <Filter>libs\FatFS</Filter>
    </ClInclude>
    <ClInclude Include="..\..\Loader53\src\libs\HAL\stm32f2xx_hal_conf.h">
      <Filter>libs\HAL</Filter>
    </ClInclude>
    <ClInclude Include="..\..\Loader53\src\libs\HAL\stm32f7xx_hal_conf.h">
      <Filter>libs\HAL</Filter>
    </ClInclude>
    <ClInclude Include="..\..\libs\common\Hardware\stm32\2XX\Timer2XX.h">
      <Filter>Hardware\stm32</Filter>
    </ClInclude>
    <ClInclude Include="..\..\Loader53\src\Hardware\Controls.h">
      <Filter>Hardware</Filter>
    </ClInclude>
    <ClInclude Include="..\..\libs\common\Hardware\Controls\Controls53.h">
      <Filter>Hardware</Filter>
    </ClInclude>
  </ItemGroup>
  <ItemGroup>
    <None Include="..\..\Loader53\src\Display\font\font5.inc">
      <Filter>Display\fonts</Filter>
    </None>
    <None Include="..\..\Loader53\src\Display\font\font5display.inc">
      <Filter>Display\fonts</Filter>
    </None>
    <None Include="..\..\Loader53\src\Display\font\font8.inc">
      <Filter>Display\fonts</Filter>
    </None>
    <None Include="..\..\Loader53\src\Display\font\font8display.inc">
      <Filter>Display\fonts</Filter>
    </None>
    <None Include="..\..\Loader53\src\Display\font\fontUGO.inc">
      <Filter>Display\fonts</Filter>
    </None>
    <None Include="..\..\Loader53\src\Display\font\fontUGO2.inc">
      <Filter>Display\fonts</Filter>
    </None>
    <None Include="..\..\Loader53\src\Display\font\fontUGO2display.inc">
      <Filter>Display\fonts</Filter>
    </None>
    <None Include="..\..\Loader53\src\Display\font\fontUGOdisplay.inc">
      <Filter>Display\fonts</Filter>
    </None>
    <None Include="..\..\Loader53\src\libs\CMSIS\startup_stm32f207xx.s">
      <Filter>libs\CMSIS</Filter>
    </None>
  </ItemGroup>
</Project>